
Microsoft Visual Studio Solution File, Format Version 12.00
# Visual Studio 15
VisualStudioVersion = 15.0.28010.2050
MinimumVisualStudioVersion = 10.0.40219.1
Project("{F184B08F-C81C-45F6-A57F-5ABD9991F28F}") = "MPM", "MPM\MPM.vbproj", "{38DC87D1-87EF-4BFB-9547-C1A827A1F1BE}"
EndProject
Global
	GlobalSection(SolutionConfigurationPlatforms) = preSolution
		Debug|Any CPU = Debug|Any CPU
		Release|Any CPU = Release|Any CPU
	EndGlobalSection
	GlobalSection(ProjectConfigurationPlatforms) = postSolution
		{38DC87D1-87EF-4BFB-9547-C1A827A1F1BE}.Debug|Any CPU.ActiveCfg = Debug|Any CPU
		{38DC87D1-87EF-4BFB-9547-C1A827A1F1BE}.Debug|Any CPU.Build.0 = Debug|Any CPU
		{38DC87D1-87EF-4BFB-9547-C1A827A1F1BE}.Release|Any CPU.ActiveCfg = Release|Any CPU
		{38DC87D1-87EF-4BFB-9547-C1A827A1F1BE}.Release|Any CPU.Build.0 = Release|Any CPU
	EndGlobalSection
	GlobalSection(SolutionProperties) = preSolution
		HideSolutionNode = FALSE
	EndGlobalSection
	GlobalSection(ExtensibilityGlobals) = postSolution
		SolutionGuid = {8AD8940A-ECB7-4631-BA48-D1E9FBE0E6CD}
	EndGlobalSection
EndGlobal
